
Microsoft Visual Studio Solution File, Format Version 12.00
Project("{FAE04EC0-301F-11D3-BF4B-00C04F79EFBC}") = "tour.of.dotnet.angular.heroes", "tour.of.dotnet.angular.heroes.csproj", "{4D5B84DF-2B0E-47E7-9ADC-BC5121834B5B}"
EndProject
Global
	GlobalSection(SolutionConfigurationPlatforms) = preSolution
		Debug|Any CPU = Debug|Any CPU
		Release|Any CPU = Release|Any CPU
	EndGlobalSection
	GlobalSection(ProjectConfigurationPlatforms) = postSolution
		{4D5B84DF-2B0E-47E7-9ADC-BC5121834B5B}.Debug|Any CPU.ActiveCfg = Debug|Any CPU
		{4D5B84DF-2B0E-47E7-9ADC-BC5121834B5B}.Debug|Any CPU.Build.0 = Debug|Any CPU
		{4D5B84DF-2B0E-47E7-9ADC-BC5121834B5B}.Release|Any CPU.ActiveCfg = Release|Any CPU
		{4D5B84DF-2B0E-47E7-9ADC-BC5121834B5B}.Release|Any CPU.Build.0 = Release|Any CPU
	EndGlobalSection
EndGlobal
